// !$*UTF8*$!
{
	archiveVersion = 1;
	classes = {
	};
 	objectVersion = 77;
 	objects = {
/* Begin PBXBuildFile section */
		5A2CC59E2E8C65610043FDF2 /* GistCore.framework in Frameworks */ = {isa = PBXBuildFile; fileRef = 5A2CC5902E8C65610043FDF2 /* GistCore.framework */; };
		5A2CC59F2E8C65610043FDF2 /* GistCore.framework in Embed Frameworks */ = {isa = PBXBuildFile; fileRef = 5A2CC5902E8C65610043FDF2 /* GistCore.framework */; settings = {ATTRIBUTES = (CodeSignOnCopy, RemoveHeadersOnCopy, ); }; };
		5A2CC5A02E8C65610043FDF2 /* GistCore.framework in Frameworks (Tests) */ = {isa = PBXBuildFile; fileRef = 5A2CC5902E8C65610043FDF2 /* GistCore.framework */; };
		5A2CC5B22E8C65610043FDF2 /* SnapshotTesting in Frameworks (Tests) */ = {isa = PBXBuildFile; productRef = 5A2CC5B12E8C65610043FDF2 /* SnapshotTesting */; };
/* End PBXBuildFile section */

/* Begin PBXContainerItemProxy section */
		5A2CC5892E8C65610043FDF2 /* PBXContainerItemProxy */ = {
			isa = PBXContainerItemProxy;
			containerPortal = 5A2CC55D2E8C655F0043FDF2 /* Project object */;
			proxyType = 1;
			remoteGlobalIDString = 5A2CC5642E8C655F0043FDF2;
			remoteInfo = Gist;
		};
		5A2CC59C2E8C65610043FDF2 /* PBXContainerItemProxy */ = {
			isa = PBXContainerItemProxy;
			containerPortal = 5A2CC55D2E8C655F0043FDF2 /* Project object */;
			proxyType = 1;
			remoteGlobalIDString = 5A2CC5952E8C65610043FDF2;
			remoteInfo = GistCore;
		};
		5A2CC5C42E8C65610043FDF2 /* PBXContainerItemProxy */ = {
			isa = PBXContainerItemProxy;
			containerPortal = 5A2CC55D2E8C655F0043FDF2 /* Project object */;
			proxyType = 1;
			remoteGlobalIDString = 5A2CC5642E8C655F0043FDF2;
			remoteInfo = Gist;
		};
/* End PBXContainerItemProxy section */

/* Begin PBXCopyFilesBuildPhase section */
		5A2CC59D2E8C65610043FDF2 /* Embed Frameworks */ = {
			isa = PBXCopyFilesBuildPhase;
			buildActionMask = 2147483647;
			dstPath = "";
			dstSubfolderSpec = 10;
			files = (
				5A2CC59F2E8C65610043FDF2 /* GistCore.framework in Embed Frameworks */,
			);
			name = "Embed Frameworks";
			runOnlyForDeploymentPostprocessing = 0;
		};
/* End PBXCopyFilesBuildPhase section */

/* Begin PBXFileReference section */
		5A2CC5652E8C655F0043FDF2 /* Gist.app */ = {isa = PBXFileReference; explicitFileType = wrapper.application; includeInIndex = 0; path = Gist.app; sourceTree = BUILT_PRODUCTS_DIR; };
		5A2CC5802E8C65610043FDF2 /* GistTests.xctest */ = {isa = PBXFileReference; explicitFileType = wrapper.cfbundle; includeInIndex = 0; path = GistTests.xctest; sourceTree = BUILT_PRODUCTS_DIR; };
		5A2CC5902E8C65610043FDF2 /* GistCore.framework */ = {isa = PBXFileReference; explicitFileType = wrapper.framework; includeInIndex = 0; path = GistCore.framework; sourceTree = BUILT_PRODUCTS_DIR; };
		5A2CC5C12E8C65610043FDF2 /* GistUITests.xctest */ = {isa = PBXFileReference; explicitFileType = wrapper.cfbundle; includeInIndex = 0; path = GistUITests.xctest; sourceTree = BUILT_PRODUCTS_DIR; };
/* End PBXFileReference section */

/* Begin PBXFileSystemSynchronizedBuildFileExceptionSet section */
		5A2CC5752E8C65610043FDF2 /* Exceptions for "Gist" folder in "Gist" target */ = {
			isa = PBXFileSystemSynchronizedBuildFileExceptionSet;
			membershipExceptions = (
				Info.plist,
			);
			target = 5A2CC5642E8C655F0043FDF2 /* Gist */;
		};
/* End PBXFileSystemSynchronizedBuildFileExceptionSet section */

/* Begin PBXFileSystemSynchronizedRootGroup section */
		5A2CC5672E8C655F0043FDF2 /* Gist */ = {
			isa = PBXFileSystemSynchronizedRootGroup;
			exceptions = (
				5A2CC5752E8C65610043FDF2 /* Exceptions for "Gist" folder in "Gist" target */,
			);
			path = Gist;
			sourceTree = "<group>";
		};
		5A2CC5812E8C65610043FDF2 /* GistTests */ = {
			isa = PBXFileSystemSynchronizedRootGroup;
			path = GistTests;
			sourceTree = "<group>";
		};
		5A2CC5912E8C65610043FDF2 /* Gist/Core */ = {
			isa = PBXFileSystemSynchronizedRootGroup;
			path = Gist/Core;
			sourceTree = "<group>";
		};
		5A2CC5C62E8C65610043FDF2 /* GistUITests */ = {
			isa = PBXFileSystemSynchronizedRootGroup;
			path = GistUITests;
			sourceTree = "<group>";
		};
/* End PBXFileSystemSynchronizedRootGroup section */

/* Begin PBXFrameworksBuildPhase section */
		5A2CC5622E8C655F0043FDF2 /* Frameworks */ = {
			isa = PBXFrameworksBuildPhase;
			buildActionMask = 2147483647;
			files = (
				5A2CC59E2E8C65610043FDF2 /* GistCore.framework in Frameworks */,
			);
			runOnlyForDeploymentPostprocessing = 0;
		};
		5A2CC5842E8C65610043FDF2 /* Frameworks */ = {
			isa = PBXFrameworksBuildPhase;
			buildActionMask = 2147483647;
			files = (
				5A2CC5A02E8C65610043FDF2 /* GistCore.framework in Frameworks */,
				5A2CC5B22E8C65610043FDF2 /* SnapshotTesting in Frameworks (Tests) */,
			);
			runOnlyForDeploymentPostprocessing = 0;
		};
		5A2CC5962E8C65610043FDF2 /* Frameworks */ = {
			isa = PBXFrameworksBuildPhase;
			buildActionMask = 2147483647;
			files = (
			);
			runOnlyForDeploymentPostprocessing = 0;
		};
		5A2CC5C22E8C65610043FDF2 /* Frameworks */ = {
			isa = PBXFrameworksBuildPhase;
			buildActionMask = 2147483647;
			files = (
			);
			runOnlyForDeploymentPostprocessing = 0;
		};
/* End PBXFrameworksBuildPhase section */

/* Begin PBXGroup section */
		5A2CC55C2E8C655F0043FDF2 = {
			isa = PBXGroup;
			children = (
				5A2CC5672E8C655F0043FDF2 /* Gist */,
				5A2CC5812E8C65610043FDF2 /* GistTests */,
				5A2CC5662E8C655F0043FDF2 /* Products */,
				5A2CCB212E8C8F490043FDF2 /* Recovered References */,
			);
			sourceTree = "<group>";
		};
		5A2CC5662E8C655F0043FDF2 /* Products */ = {
			isa = PBXGroup;
			children = (
				5A2CC5652E8C655F0043FDF2 /* Gist.app */,
				5A2CC5802E8C65610043FDF2 /* GistTests.xctest */,
				5A2CC5902E8C65610043FDF2 /* GistCore.framework */,
				5A2CC5C12E8C65610043FDF2 /* GistUITests.xctest */,
			);
			name = Products;
			sourceTree = "<group>";
		};
		5A2CCB212E8C8F490043FDF2 /* Recovered References */ = {
			isa = PBXGroup;
			children = (
				5A2CC5912E8C65610043FDF2 /* Gist/Core */,
			);
			name = "Recovered References";
			sourceTree = "<group>";
		};
/* End PBXGroup section */

/* Begin PBXNativeTarget section */
		5A2CC5642E8C655F0043FDF2 /* Gist */ = {
			isa = PBXNativeTarget;
			buildConfigurationList = 5A2CC5762E8C65610043FDF2 /* Build configuration list for PBXNativeTarget "Gist" */;
			buildPhases = (
				5A2CC5612E8C655F0043FDF2 /* Sources */,
				5A2CC5622E8C655F0043FDF2 /* Frameworks */,
				5A2CC5632E8C655F0043FDF2 /* Resources */,
				5A2CC59D2E8C65610043FDF2 /* Embed Frameworks */,
			);
			buildRules = (
			);
			dependencies = (
				5A2CC59B2E8C65610043FDF2 /* PBXTargetDependency */,
			);
			fileSystemSynchronizedGroups = (
				5A2CC5672E8C655F0043FDF2 /* Gist */,
			);
			name = Gist;
			packageProductDependencies = (
			);
			productName = Gist;
			productReference = 5A2CC5652E8C655F0043FDF2 /* Gist.app */;
			productType = "com.apple.product-type.application";
		};
		5A2CC5852E8C65610043FDF2 /* GistTests */ = {
			isa = PBXNativeTarget;
			buildConfigurationList = 5A2CC5862E8C65610043FDF2 /* Build configuration list for PBXNativeTarget "GistTests" */;
			buildPhases = (
				5A2CC5832E8C65610043FDF2 /* Sources */,
				5A2CC5842E8C65610043FDF2 /* Frameworks */,
			);
			buildRules = (
			);
			dependencies = (
				5A2CC58A2E8C65610043FDF2 /* PBXTargetDependency */,
			);
			fileSystemSynchronizedGroups = (
				5A2CC5812E8C65610043FDF2 /* GistTests */,
			);
			name = GistTests;
			packageProductDependencies = (
				5A2CC5B12E8C65610043FDF2 /* SnapshotTesting */,
			);
			productName = GistTests;
			productReference = 5A2CC5802E8C65610043FDF2 /* GistTests.xctest */;
			productType = "com.apple.product-type.bundle.unit-test";
		};
		5A2CC5952E8C65610043FDF2 /* GistCore */ = {
			isa = PBXNativeTarget;
			buildConfigurationList = 5A2CC59A2E8C65610043FDF2 /* Build configuration list for PBXNativeTarget "GistCore" */;
			buildPhases = (
				5A2CC5972E8C65610043FDF2 /* Sources */,
				5A2CC5962E8C65610043FDF2 /* Frameworks */,
			);
			buildRules = (
			);
			dependencies = (
			);
			fileSystemSynchronizedGroups = (
				5A2CC5912E8C65610043FDF2 /* Gist/Core */,
			);
			name = GistCore;
			packageProductDependencies = (
			);
			productName = GistCore;
			productReference = 5A2CC5902E8C65610043FDF2 /* GistCore.framework */;
			productType = "com.apple.product-type.framework";
		};
		5A2CC5C02E8C65610043FDF2 /* GistUITests */ = {
			isa = PBXNativeTarget;
			buildConfigurationList = 5A2CC5C92E8C65610043FDF2 /* Build configuration list for PBXNativeTarget "GistUITests" */;
			buildPhases = (
				5A2CC5C32E8C65610043FDF2 /* Sources */,
				5A2CC5C22E8C65610043FDF2 /* Frameworks */,
			);
			buildRules = (
			);
			dependencies = (
				5A2CC5C52E8C65610043FDF2 /* PBXTargetDependency */,
			);
			fileSystemSynchronizedGroups = (
				5A2CC5C62E8C65610043FDF2 /* GistUITests */,
			);
			name = GistUITests;
			packageProductDependencies = (
			);
			productName = GistUITests;
			productReference = 5A2CC5C12E8C65610043FDF2 /* GistUITests.xctest */;
			productType = "com.apple.product-type.bundle.ui-testing";
		};
/* End PBXNativeTarget section */

/* Begin PBXProject section */
		5A2CC55D2E8C655F0043FDF2 /* Project object */ = {
			isa = PBXProject;
			attributes = {
				BuildIndependentTargetsInParallel = 1;
				LastSwiftUpdateCheck = 2600;
				LastUpgradeCheck = 2600;
				TargetAttributes = {
					5A2CC5642E8C655F0043FDF2 = {
						CreatedOnToolsVersion = 26.0;
					};
				};
			};
			buildConfigurationList = 5A2CC5602E8C655F0043FDF2 /* Build configuration list for PBXProject "Gist" */;
			developmentRegion = en;
			hasScannedForEncodings = 0;
			knownRegions = (
				en,
				Base,
			);
			mainGroup = 5A2CC55C2E8C655F0043FDF2;
			minimizedProjectReferenceProxies = 1;
			preferredProjectObjectVersion = 77;
			productRefGroup = 5A2CC5662E8C655F0043FDF2 /* Products */;
			projectDirPath = "";
			projectRoot = "";
			targets = (
				5A2CC5642E8C655F0043FDF2 /* Gist */,
				5A2CC5852E8C65610043FDF2 /* GistTests */,
				5A2CC5952E8C65610043FDF2 /* GistCore */,
				5A2CC5C02E8C65610043FDF2 /* GistUITests */,
			);
			packageReferences = (
				5A2CC5B02E8C65610043FDF2 /* XCRemoteSwiftPackageReference "swift-snapshot-testing" */,
			);
		};
/* End PBXProject section */

/* Begin PBXResourcesBuildPhase section */
		5A2CC5632E8C655F0043FDF2 /* Resources */ = {
			isa = PBXResourcesBuildPhase;
			buildActionMask = 2147483647;
			files = (
			);
			runOnlyForDeploymentPostprocessing = 0;
		};
/* End PBXResourcesBuildPhase section */

/* Begin PBXSourcesBuildPhase section */
		5A2CC5612E8C655F0043FDF2 /* Sources */ = {
			isa = PBXSourcesBuildPhase;
			buildActionMask = 2147483647;
			files = (
			);
			runOnlyForDeploymentPostprocessing = 0;
		};
		5A2CC5832E8C65610043FDF2 /* Sources */ = {
			isa = PBXSourcesBuildPhase;
			buildActionMask = 2147483647;
			files = (
			);
			runOnlyForDeploymentPostprocessing = 0;
		};
		5A2CC5972E8C65610043FDF2 /* Sources */ = {
			isa = PBXSourcesBuildPhase;
			buildActionMask = 2147483647;
			files = (
			);
			runOnlyForDeploymentPostprocessing = 0;
		};
		5A2CC5C32E8C65610043FDF2 /* Sources */ = {
			isa = PBXSourcesBuildPhase;
			buildActionMask = 2147483647;
			files = (
			);
			runOnlyForDeploymentPostprocessing = 0;
		};
/* End PBXSourcesBuildPhase section */

/* Begin PBXTargetDependency section */
		5A2CC58A2E8C65610043FDF2 /* PBXTargetDependency */ = {
			isa = PBXTargetDependency;
			target = 5A2CC5642E8C655F0043FDF2 /* Gist */;
			targetProxy = 5A2CC5892E8C65610043FDF2 /* PBXContainerItemProxy */;
		};
		5A2CC59B2E8C65610043FDF2 /* PBXTargetDependency */ = {
			isa = PBXTargetDependency;
			target = 5A2CC5952E8C65610043FDF2 /* GistCore */;
			targetProxy = 5A2CC59C2E8C65610043FDF2 /* PBXContainerItemProxy */;
		};
		5A2CC5C52E8C65610043FDF2 /* PBXTargetDependency */ = {
			isa = PBXTargetDependency;
			target = 5A2CC5642E8C655F0043FDF2 /* Gist */;
			targetProxy = 5A2CC5C42E8C65610043FDF2 /* PBXContainerItemProxy */;
		};
/* End PBXTargetDependency section */

/* Begin XCBuildConfiguration section */
		5A2CC5772E8C65610043FDF2 /* Debug */ = {
			isa = XCBuildConfiguration;
			buildSettings = {
				ASSETCATALOG_COMPILER_APPICON_NAME = AppIcon;
				ASSETCATALOG_COMPILER_GLOBAL_ACCENT_COLOR_NAME = AccentColor;
				CODE_SIGN_ENTITLEMENTS = Gist/Gist.entitlements;
				CODE_SIGN_STYLE = Automatic;
				CURRENT_PROJECT_VERSION = 1;
				DEFINES_MODULE = YES;
				DEVELOPMENT_TEAM = XZWEZJ8YZA;
				ENABLE_PREVIEWS = YES;
				GENERATE_INFOPLIST_FILE = YES;
				INFOPLIST_FILE = Gist/Info.plist;
				INFOPLIST_KEY_UIApplicationSceneManifest_Generation = YES;
				INFOPLIST_KEY_UIApplicationSupportsIndirectInputEvents = YES;
				INFOPLIST_KEY_UILaunchScreen_Generation = YES;
				INFOPLIST_KEY_UISupportedInterfaceOrientations_iPad = "UIInterfaceOrientationPortrait UIInterfaceOrientationPortraitUpsideDown UIInterfaceOrientationLandscapeLeft UIInterfaceOrientationLandscapeRight";
				INFOPLIST_KEY_UISupportedInterfaceOrientations_iPhone = "UIInterfaceOrientationPortrait UIInterfaceOrientationLandscapeLeft UIInterfaceOrientationLandscapeRight";
				LD_RUNPATH_SEARCH_PATHS = (
					"$(inherited)",
					"@executable_path/Frameworks",
				);
				MARKETING_VERSION = 1.0;
				PRODUCT_BUNDLE_IDENTIFIER = com.outcastlabs.Gist;
				PRODUCT_NAME = "$(TARGET_NAME)";
				STRING_CATALOG_GENERATE_SYMBOLS = YES;
				SWIFT_APPROACHABLE_CONCURRENCY = YES;
				SWIFT_DEFAULT_ACTOR_ISOLATION = MainActor;
				SWIFT_EMIT_LOC_STRINGS = YES;
				SWIFT_UPCOMING_FEATURE_MEMBER_IMPORT_VISIBILITY = YES;
				SWIFT_VERSION = 5.0;
				TARGETED_DEVICE_FAMILY = "1,2";
			};
			name = Debug;
		};
		5A2CC5782E8C65610043FDF2 /* Release */ = {
			isa = XCBuildConfiguration;
			buildSettings = {
				ASSETCATALOG_COMPILER_APPICON_NAME = AppIcon;
				ASSETCATALOG_COMPILER_GLOBAL_ACCENT_COLOR_NAME = AccentColor;
				CODE_SIGN_ENTITLEMENTS = Gist/Gist.entitlements;
				CODE_SIGN_STYLE = Automatic;
				CURRENT_PROJECT_VERSION = 1;
				DEFINES_MODULE = YES;
				DEVELOPMENT_TEAM = XZWEZJ8YZA;
				ENABLE_PREVIEWS = YES;
				GENERATE_INFOPLIST_FILE = YES;
				INFOPLIST_FILE = Gist/Info.plist;
				INFOPLIST_KEY_UIApplicationSceneManifest_Generation = YES;
				INFOPLIST_KEY_UIApplicationSupportsIndirectInputEvents = YES;
				INFOPLIST_KEY_UILaunchScreen_Generation = YES;
				INFOPLIST_KEY_UISupportedInterfaceOrientations_iPad = "UIInterfaceOrientationPortrait UIInterfaceOrientationPortraitUpsideDown UIInterfaceOrientationLandscapeLeft UIInterfaceOrientationLandscapeRight";
				INFOPLIST_KEY_UISupportedInterfaceOrientations_iPhone = "UIInterfaceOrientationPortrait UIInterfaceOrientationLandscapeLeft UIInterfaceOrientationLandscapeRight";
				LD_RUNPATH_SEARCH_PATHS = (
					"$(inherited)",
					"@executable_path/Frameworks",
				);
				MARKETING_VERSION = 1.0;
				PRODUCT_BUNDLE_IDENTIFIER = com.outcastlabs.Gist;
				PRODUCT_NAME = "$(TARGET_NAME)";
				STRING_CATALOG_GENERATE_SYMBOLS = YES;
				SWIFT_APPROACHABLE_CONCURRENCY = YES;
				SWIFT_DEFAULT_ACTOR_ISOLATION = MainActor;
				SWIFT_EMIT_LOC_STRINGS = YES;
				SWIFT_UPCOMING_FEATURE_MEMBER_IMPORT_VISIBILITY = YES;
				SWIFT_VERSION = 5.0;
				TARGETED_DEVICE_FAMILY = "1,2";
			};
			name = Release;
		};
		5A2CC5792E8C65610043FDF2 /* Debug */ = {
			isa = XCBuildConfiguration;
			buildSettings = {
				ALWAYS_SEARCH_USER_PATHS = NO;
				ASSETCATALOG_COMPILER_GENERATE_SWIFT_ASSET_SYMBOL_EXTENSIONS = YES;
				CLANG_ANALYZER_NONNULL = YES;
				CLANG_ANALYZER_NUMBER_OBJECT_CONVERSION = YES_AGGRESSIVE;
				CLANG_CXX_LANGUAGE_STANDARD = "gnu++20";
				CLANG_ENABLE_MODULES = YES;
				CLANG_ENABLE_OBJC_ARC = YES;
				CLANG_ENABLE_OBJC_WEAK = YES;
				CLANG_WARN_BLOCK_CAPTURE_AUTORELEASING = YES;
				CLANG_WARN_BOOL_CONVERSION = YES;
				CLANG_WARN_COMMA = YES;
				CLANG_WARN_CONSTANT_CONVERSION = YES;
				CLANG_WARN_DEPRECATED_OBJC_IMPLEMENTATIONS = YES;
				CLANG_WARN_DIRECT_OBJC_ISA_USAGE = YES_ERROR;
				CLANG_WARN_DOCUMENTATION_COMMENTS = YES;
				CLANG_WARN_EMPTY_BODY = YES;
				CLANG_WARN_ENUM_CONVERSION = YES;
				CLANG_WARN_INFINITE_RECURSION = YES;
				CLANG_WARN_INT_CONVERSION = YES;
				CLANG_WARN_NON_LITERAL_NULL_CONVERSION = YES;
				CLANG_WARN_OBJC_IMPLICIT_RETAIN_SELF = YES;
				CLANG_WARN_OBJC_LITERAL_CONVERSION = YES;
				CLANG_WARN_OBJC_ROOT_CLASS = YES_ERROR;
				CLANG_WARN_QUOTED_INCLUDE_IN_FRAMEWORK_HEADER = YES;
				CLANG_WARN_RANGE_LOOP_ANALYSIS = YES;
				CLANG_WARN_STRICT_PROTOTYPES = YES;
				CLANG_WARN_SUSPICIOUS_MOVE = YES;
				CLANG_WARN_UNGUARDED_AVAILABILITY = YES_AGGRESSIVE;
				CLANG_WARN_UNREACHABLE_CODE = YES;
				CLANG_WARN__DUPLICATE_METHOD_MATCH = YES;
				COPY_PHASE_STRIP = NO;
				DEBUG_INFORMATION_FORMAT = dwarf;
				DEVELOPMENT_TEAM = XZWEZJ8YZA;
				ENABLE_STRICT_OBJC_MSGSEND = YES;
				ENABLE_TESTABILITY = YES;
				ENABLE_USER_SCRIPT_SANDBOXING = YES;
				GCC_C_LANGUAGE_STANDARD = gnu17;
				GCC_DYNAMIC_NO_PIC = NO;
				GCC_NO_COMMON_BLOCKS = YES;
				GCC_OPTIMIZATION_LEVEL = 0;
				GCC_PREPROCESSOR_DEFINITIONS = (
					"DEBUG=1",
					"$(inherited)",
				);
				GCC_WARN_64_TO_32_BIT_CONVERSION = YES;
				GCC_WARN_ABOUT_RETURN_TYPE = YES_ERROR;
				GCC_WARN_UNDECLARED_SELECTOR = YES;
				GCC_WARN_UNINITIALIZED_AUTOS = YES_AGGRESSIVE;
				GCC_WARN_UNUSED_FUNCTION = YES;
				GCC_WARN_UNUSED_VARIABLE = YES;
				IPHONEOS_DEPLOYMENT_TARGET = 17.0;
				LOCALIZATION_PREFERS_STRING_CATALOGS = YES;
				MTL_ENABLE_DEBUG_INFO = INCLUDE_SOURCE;
				MTL_FAST_MATH = YES;
				ONLY_ACTIVE_ARCH = YES;
				SDKROOT = iphoneos;
				SWIFT_ACTIVE_COMPILATION_CONDITIONS = "DEBUG $(inherited)";
				SWIFT_OPTIMIZATION_LEVEL = "-Onone";
			};
			name = Debug;
		};
		5A2CC57A2E8C65610043FDF2 /* Release */ = {
			isa = XCBuildConfiguration;
			buildSettings = {
				ALWAYS_SEARCH_USER_PATHS = NO;
				ASSETCATALOG_COMPILER_GENERATE_SWIFT_ASSET_SYMBOL_EXTENSIONS = YES;
				CLANG_ANALYZER_NONNULL = YES;
				CLANG_ANALYZER_NUMBER_OBJECT_CONVERSION = YES_AGGRESSIVE;
				CLANG_CXX_LANGUAGE_STANDARD = "gnu++20";
				CLANG_ENABLE_MODULES = YES;
				CLANG_ENABLE_OBJC_ARC = YES;
				CLANG_ENABLE_OBJC_WEAK = YES;
				CLANG_WARN_BLOCK_CAPTURE_AUTORELEASING = YES;
				CLANG_WARN_BOOL_CONVERSION = YES;
				CLANG_WARN_COMMA = YES;
				CLANG_WARN_CONSTANT_CONVERSION = YES;
				CLANG_WARN_DEPRECATED_OBJC_IMPLEMENTATIONS = YES;
				CLANG_WARN_DIRECT_OBJC_ISA_USAGE = YES_ERROR;
				CLANG_WARN_DOCUMENTATION_COMMENTS = YES;
				CLANG_WARN_EMPTY_BODY = YES;
				CLANG_WARN_ENUM_CONVERSION = YES;
				CLANG_WARN_INFINITE_RECURSION = YES;
				CLANG_WARN_INT_CONVERSION = YES;
				CLANG_WARN_NON_LITERAL_NULL_CONVERSION = YES;
				CLANG_WARN_OBJC_IMPLICIT_RETAIN_SELF = YES;
				CLANG_WARN_OBJC_LITERAL_CONVERSION = YES;
				CLANG_WARN_OBJC_ROOT_CLASS = YES_ERROR;
				CLANG_WARN_QUOTED_INCLUDE_IN_FRAMEWORK_HEADER = YES;
				CLANG_WARN_RANGE_LOOP_ANALYSIS = YES;
				CLANG_WARN_STRICT_PROTOTYPES = YES;
				CLANG_WARN_SUSPICIOUS_MOVE = YES;
				CLANG_WARN_UNGUARDED_AVAILABILITY = YES_AGGRESSIVE;
				CLANG_WARN_UNREACHABLE_CODE = YES;
				CLANG_WARN__DUPLICATE_METHOD_MATCH = YES;
				COPY_PHASE_STRIP = NO;
				DEBUG_INFORMATION_FORMAT = "dwarf-with-dsym";
				DEVELOPMENT_TEAM = XZWEZJ8YZA;
				ENABLE_NS_ASSERTIONS = NO;
				ENABLE_STRICT_OBJC_MSGSEND = YES;
				ENABLE_USER_SCRIPT_SANDBOXING = YES;
				GCC_C_LANGUAGE_STANDARD = gnu17;
				GCC_NO_COMMON_BLOCKS = YES;
				GCC_WARN_64_TO_32_BIT_CONVERSION = YES;
				GCC_WARN_ABOUT_RETURN_TYPE = YES_ERROR;
				GCC_WARN_UNDECLARED_SELECTOR = YES;
				GCC_WARN_UNINITIALIZED_AUTOS = YES_AGGRESSIVE;
				GCC_WARN_UNUSED_FUNCTION = YES;
				GCC_WARN_UNUSED_VARIABLE = YES;
				IPHONEOS_DEPLOYMENT_TARGET = 17.0;
				LOCALIZATION_PREFERS_STRING_CATALOGS = YES;
				MTL_ENABLE_DEBUG_INFO = NO;
				MTL_FAST_MATH = YES;
				SDKROOT = iphoneos;
				SWIFT_COMPILATION_MODE = wholemodule;
				VALIDATE_PRODUCT = YES;
			};
			name = Release;
		};
		5A2CC5872E8C65610043FDF2 /* Debug */ = {
			isa = XCBuildConfiguration;
			buildSettings = {
				ALWAYS_EMBED_SWIFT_STANDARD_LIBRARIES = YES;
				BUNDLE_LOADER = "$(TEST_HOST)";
				CODE_SIGN_STYLE = Automatic;
				CURRENT_PROJECT_VERSION = 1;
				DEVELOPMENT_TEAM = XZWEZJ8YZA;
				GENERATE_INFOPLIST_FILE = YES;
				LD_RUNPATH_SEARCH_PATHS = (
					"$(inherited)",
					"@executable_path/Frameworks",
					"@loader_path/../Frameworks",
				);
				MARKETING_VERSION = 1.0;
				PRODUCT_BUNDLE_IDENTIFIER = com.outcastlabs.GistTests;
				PRODUCT_NAME = "$(TARGET_NAME)";
				SWIFT_VERSION = 5.0;
				TEST_HOST = "$(BUILT_PRODUCTS_DIR)/Gist.app/Gist";
			};
			name = Debug;
		};
		5A2CC5882E8C65610043FDF2 /* Release */ = {
			isa = XCBuildConfiguration;
			buildSettings = {
				ALWAYS_EMBED_SWIFT_STANDARD_LIBRARIES = YES;
				BUNDLE_LOADER = "$(TEST_HOST)";
				CODE_SIGN_STYLE = Automatic;
				CURRENT_PROJECT_VERSION = 1;
				DEVELOPMENT_TEAM = XZWEZJ8YZA;
				GENERATE_INFOPLIST_FILE = YES;
				LD_RUNPATH_SEARCH_PATHS = (
					"$(inherited)",
					"@executable_path/Frameworks",
					"@loader_path/../Frameworks",
				);
				MARKETING_VERSION = 1.0;
				PRODUCT_BUNDLE_IDENTIFIER = com.outcastlabs.GistTests;
				PRODUCT_NAME = "$(TARGET_NAME)";
				SWIFT_VERSION = 5.0;
				TEST_HOST = "$(BUILT_PRODUCTS_DIR)/Gist.app/Gist";
			};
			name = Release;
		};
		5A2CC5982E8C65610043FDF2 /* Debug */ = {
			isa = XCBuildConfiguration;
			buildSettings = {
				CODE_SIGN_STYLE = Automatic;
				CURRENT_PROJECT_VERSION = 1;
				DEFINES_MODULE = YES;
				DEVELOPMENT_TEAM = XZWEZJ8YZA;
				DYLIB_INSTALL_NAME_BASE = "@rpath";
				GENERATE_INFOPLIST_FILE = YES;
				INFOPLIST_FILE = "";
				IPHONEOS_DEPLOYMENT_TARGET = 17.0;
				LD_RUNPATH_SEARCH_PATHS = (
					"$(inherited)",
					"@executable_path/Frameworks",
					"@loader_path/Frameworks",
				);
				MACH_O_TYPE = mh_dylib;
				MARKETING_VERSION = 1.0;
				PRODUCT_BUNDLE_IDENTIFIER = com.outcastlabs.GistCore;
				PRODUCT_NAME = "$(TARGET_NAME)";
				SKIP_INSTALL = YES;
				SWIFT_VERSION = 5.0;
				TARGETED_DEVICE_FAMILY = "1,2";
			};
			name = Debug;
		};
		5A2CC5992E8C65610043FDF2 /* Release */ = {
			isa = XCBuildConfiguration;
			buildSettings = {
				CODE_SIGN_STYLE = Automatic;
				CURRENT_PROJECT_VERSION = 1;
				DEFINES_MODULE = YES;
				DEVELOPMENT_TEAM = XZWEZJ8YZA;
				DYLIB_INSTALL_NAME_BASE = "@rpath";
				GENERATE_INFOPLIST_FILE = YES;
				INFOPLIST_FILE = "";
				IPHONEOS_DEPLOYMENT_TARGET = 17.0;
				LD_RUNPATH_SEARCH_PATHS = (
					"$(inherited)",
					"@executable_path/Frameworks",
					"@loader_path/Frameworks",
				);
				MACH_O_TYPE = mh_dylib;
				MARKETING_VERSION = 1.0;
				PRODUCT_BUNDLE_IDENTIFIER = com.outcastlabs.GistCore;
				PRODUCT_NAME = "$(TARGET_NAME)";
				SKIP_INSTALL = YES;
				SWIFT_VERSION = 5.0;
				TARGETED_DEVICE_FAMILY = "1,2";
			};
			name = Release;
		};
		5A2CC5C72E8C65610043FDF2 /* Debug */ = {
			isa = XCBuildConfiguration;
			buildSettings = {
				ALWAYS_EMBED_SWIFT_STANDARD_LIBRARIES = YES;
				CODE_SIGN_STYLE = Automatic;
				CURRENT_PROJECT_VERSION = 1;
				DEVELOPMENT_TEAM = XZWEZJ8YZA;
				GENERATE_INFOPLIST_FILE = YES;
				LD_RUNPATH_SEARCH_PATHS = (
					"$(inherited)",
					"@executable_path/Frameworks",
					"@loader_path/Frameworks",
				);
				MARKETING_VERSION = 1.0;
				PRODUCT_BUNDLE_IDENTIFIER = com.outcastlabs.GistUITests;
				PRODUCT_NAME = "$(TARGET_NAME)";
				SWIFT_VERSION = 5.0;
				TEST_TARGET_NAME = Gist;
			};
			name = Debug;
		};
		5A2CC5C82E8C65610043FDF2 /* Release */ = {
			isa = XCBuildConfiguration;
			buildSettings = {
				ALWAYS_EMBED_SWIFT_STANDARD_LIBRARIES = YES;
				CODE_SIGN_STYLE = Automatic;
				CURRENT_PROJECT_VERSION = 1;
				DEVELOPMENT_TEAM = XZWEZJ8YZA;
				GENERATE_INFOPLIST_FILE = YES;
				LD_RUNPATH_SEARCH_PATHS = (
					"$(inherited)",
					"@executable_path/Frameworks",
					"@loader_path/Frameworks",
				);
				MARKETING_VERSION = 1.0;
				PRODUCT_BUNDLE_IDENTIFIER = com.outcastlabs.GistUITests;
				PRODUCT_NAME = "$(TARGET_NAME)";
				SWIFT_VERSION = 5.0;
				TEST_TARGET_NAME = Gist;
			};
			name = Release;
		};
/* End XCBuildConfiguration section */

/* Begin XCRemoteSwiftPackageReference section */
		5A2CC5B02E8C65610043FDF2 /* XCRemoteSwiftPackageReference "swift-snapshot-testing" */ = {isa = XCRemoteSwiftPackageReference; repositoryURL = "https://github.com/pointfreeco/swift-snapshot-testing"; requirement = { kind = upToNextMajorVersion; minimumVersion = 1.13.0; }; };
/* End XCRemoteSwiftPackageReference section */

/* Begin XCSwiftPackageProductDependency section */
		5A2CC5B12E8C65610043FDF2 /* SnapshotTesting */ = {isa = XCSwiftPackageProductDependency; productName = SnapshotTesting; package = 5A2CC5B02E8C65610043FDF2 /* XCRemoteSwiftPackageReference "swift-snapshot-testing" */; };
/* End XCSwiftPackageProductDependency section */

/* Begin XCConfigurationList section */
		5A2CC5602E8C655F0043FDF2 /* Build configuration list for PBXProject "Gist" */ = {
			isa = XCConfigurationList;
			buildConfigurations = (
				5A2CC5792E8C65610043FDF2 /* Debug */,
				5A2CC57A2E8C65610043FDF2 /* Release */,
			);
			defaultConfigurationIsVisible = 0;
			defaultConfigurationName = Release;
		};
		5A2CC5762E8C65610043FDF2 /* Build configuration list for PBXNativeTarget "Gist" */ = {
			isa = XCConfigurationList;
			buildConfigurations = (
				5A2CC5772E8C65610043FDF2 /* Debug */,
				5A2CC5782E8C65610043FDF2 /* Release */,
			);
			defaultConfigurationIsVisible = 0;
			defaultConfigurationName = Release;
		};
		5A2CC5862E8C65610043FDF2 /* Build configuration list for PBXNativeTarget "GistTests" */ = {
			isa = XCConfigurationList;
			buildConfigurations = (
				5A2CC5872E8C65610043FDF2 /* Debug */,
				5A2CC5882E8C65610043FDF2 /* Release */,
			);
			defaultConfigurationIsVisible = 0;
			defaultConfigurationName = Release;
		};
		5A2CC59A2E8C65610043FDF2 /* Build configuration list for PBXNativeTarget "GistCore" */ = {
			isa = XCConfigurationList;
			buildConfigurations = (
				5A2CC5982E8C65610043FDF2 /* Debug */,
				5A2CC5992E8C65610043FDF2 /* Release */,
			);
			defaultConfigurationIsVisible = 0;
			defaultConfigurationName = Release;
		};
		5A2CC5C92E8C65610043FDF2 /* Build configuration list for PBXNativeTarget "GistUITests" */ = {
			isa = XCConfigurationList;
			buildConfigurations = (
				5A2CC5C72E8C65610043FDF2 /* Debug */,
				5A2CC5C82E8C65610043FDF2 /* Release */,
			);
			defaultConfigurationIsVisible = 0;
			defaultConfigurationName = Release;
		};
/* End XCConfigurationList section */
	};
	rootObject = 5A2CC55D2E8C655F0043FDF2 /* Project object */;
}
